
Microsoft Visual Studio Solution File, Format Version 12.00
# Visual Studio Version 16
VisualStudioVersion = 16.0.29230.47
MinimumVisualStudioVersion = 10.0.40219.1
Project("{FAE04EC0-301F-11D3-BF4B-00C04F79EFBC}") = "BlackJack", "BlackJack\BlackJack.csproj", "{BFA79C6F-D5CC-45D6-9979-D9B8D8CF4CBD}"
EndProject
Global
	GlobalSection(SolutionConfigurationPlatforms) = preSolution
		Debug|Any CPU = Debug|Any CPU
		Release|Any CPU = Release|Any CPU
	EndGlobalSection
	GlobalSection(ProjectConfigurationPlatforms) = postSolution
		{BFA79C6F-D5CC-45D6-9979-D9B8D8CF4CBD}.Debug|Any CPU.ActiveCfg = Debug|Any CPU
		{BFA79C6F-D5CC-45D6-9979-D9B8D8CF4CBD}.Debug|Any CPU.Build.0 = Debug|Any CPU
		{BFA79C6F-D5CC-45D6-9979-D9B8D8CF4CBD}.Release|Any CPU.ActiveCfg = Release|Any CPU
		{BFA79C6F-D5CC-45D6-9979-D9B8D8CF4CBD}.Release|Any CPU.Build.0 = Release|Any CPU
	EndGlobalSection
	GlobalSection(SolutionProperties) = preSolution
		HideSolutionNode = FALSE
	EndGlobalSection
	GlobalSection(ExtensibilityGlobals) = postSolution
		SolutionGuid = {6FBAB45C-CC7D-49D3-BDD5-99EAC38816B1}
	EndGlobalSection
EndGlobal
